{
    "_readme": [
        "This file locks the dependencies of your project to a known state",
        "Read more about it at http://getcomposer.org/doc/01-basic-usage.md#composer-lock-the-lock-file",
        "This file is @generated automatically"
    ],
    "hash": "b8ba4285350c902850262900918224eb",
    "packages": [
        {
            "name": "nirix/nanite",
            "version": "dev-master",
            "source": {
                "type": "git",
                "url": "https://github.com/nirix/nanite.git",
                "reference": "3547a239450a2e1582cb038710f2460fd9c913cd"
            },
            "dist": {
                "type": "zip",
                "url": "https://api.github.com/repos/nirix/nanite/zipball/3547a239450a2e1582cb038710f2460fd9c913cd",
                "reference": "3547a239450a2e1582cb038710f2460fd9c913cd",
                "shasum": ""
            },
            "require": {
                "php": ">=5.3.0"
            },
            "type": "library",
            "autoload": {
                "classmap": [
                    "src/Nanite.php"
                ],
                "files": [
                    "src/functions.php"
                ]
            },
            "notification-url": "https://packagist.org/downloads/",
            "license": [
                "LGPL-3.0"
            ],
            "authors": [
                {
                    "name": "Jack Polgar",
                    "email": "jack@polgar.id.au"
                }
            ],
            "description": "PHP Micro-framework",
            "homepage": "http://nirix.github.io/nanite/",
            "keywords": [
                "framework",
                "micro"
            ],
            "time": "2015-07-01 15:56:07"
        }
    ],
    "packages-dev": [],
    "aliases": [],
    "minimum-stability": "dev",
    "stability-flags": {
        "nirix/nanite": 20
    },
    "prefer-stable": true,
    "prefer-lowest": false,
    "platform": {
        "php": ">=5.4.0"
    },
    "platform-dev": []
}
